
Microsoft Visual Studio Solution File, Format Version 12.00
# Visual Studio 2013
VisualStudioVersion = 12.0.30501.0
MinimumVisualStudioVersion = 10.0.40219.1
Project("{FAE04EC0-301F-11D3-BF4B-00C04F79EFBC}") = "HackingTerimleri", "HackingTerimleri\HackingTerimleri.csproj", "{299CC0CF-3622-4E98-9D9D-38B3B980FA87}"
EndProject
Project("{FAE04EC0-301F-11D3-BF4B-00C04F79EFBC}") = "HackingTerimleri.Droid", "Droid\HackingTerimleri.Droid.csproj", "{FA64E5AC-5DD9-4AA2-9AEB-EC10D4B1D216}"
EndProject
Project("{FAE04EC0-301F-11D3-BF4B-00C04F79EFBC}") = "HackingTerimleri.UITests", "UITests\HackingTerimleri.UITests.csproj", "{A36C29E4-EB8F-48AA-B4E0-E31D0112C638}"
EndProject
Global
	GlobalSection(SolutionConfigurationPlatforms) = preSolution
		Debug|Any CPU = Debug|Any CPU
		Release|Any CPU = Release|Any CPU
	EndGlobalSection
	GlobalSection(ProjectConfigurationPlatforms) = postSolution
		{299CC0CF-3622-4E98-9D9D-38B3B980FA87}.Debug|Any CPU.ActiveCfg = Debug|Any CPU
		{299CC0CF-3622-4E98-9D9D-38B3B980FA87}.Debug|Any CPU.Build.0 = Debug|Any CPU
		{299CC0CF-3622-4E98-9D9D-38B3B980FA87}.Release|Any CPU.ActiveCfg = Release|Any CPU
		{299CC0CF-3622-4E98-9D9D-38B3B980FA87}.Release|Any CPU.Build.0 = Release|Any CPU
		{FA64E5AC-5DD9-4AA2-9AEB-EC10D4B1D216}.Debug|Any CPU.ActiveCfg = Debug|Any CPU
		{FA64E5AC-5DD9-4AA2-9AEB-EC10D4B1D216}.Debug|Any CPU.Build.0 = Debug|Any CPU
		{FA64E5AC-5DD9-4AA2-9AEB-EC10D4B1D216}.Debug|Any CPU.Deploy.0 = Debug|Any CPU
		{FA64E5AC-5DD9-4AA2-9AEB-EC10D4B1D216}.Release|Any CPU.ActiveCfg = Release|Any CPU
		{FA64E5AC-5DD9-4AA2-9AEB-EC10D4B1D216}.Release|Any CPU.Build.0 = Release|Any CPU
		{A36C29E4-EB8F-48AA-B4E0-E31D0112C638}.Debug|Any CPU.ActiveCfg = Debug|Any CPU
		{A36C29E4-EB8F-48AA-B4E0-E31D0112C638}.Debug|Any CPU.Build.0 = Debug|Any CPU
		{A36C29E4-EB8F-48AA-B4E0-E31D0112C638}.Release|Any CPU.ActiveCfg = Release|Any CPU
		{A36C29E4-EB8F-48AA-B4E0-E31D0112C638}.Release|Any CPU.Build.0 = Release|Any CPU
	EndGlobalSection
	GlobalSection(SolutionProperties) = preSolution
		HideSolutionNode = FALSE
	EndGlobalSection
EndGlobal
